{
  "nodes": {
    "flake-utils": {
      "inputs": {
        "systems": "systems"
      },
      "locked": {
        "lastModified": 1731533236,
        "narHash": "sha256-l0KFg5HjrsfsO/JpG+r7fRrqm12kzFHyUHqHCVpMMbI=",
        "owner": "numtide",
        "repo": "flake-utils",
        "rev": "11707dc2f618dd54ca8739b309ec4fc024de578b",
        "type": "github"
      },
      "original": {
        "owner": "numtide",
        "repo": "flake-utils",
        "type": "github"
      }
    },
    "google-genai-src": {
      "flake": false,
      "locked": {
        "lastModified": 1762393066,
        "narHash": "sha256-MDJv9q/s1GTw/H4YAPGL01RYk8G8+BpVmX0JLccnvlM=",
        "owner": "googleapis",
        "repo": "python-genai",
        "rev": "bd10082d2086a85f18b4d0391f47e21bb014d4cd",
        "type": "github"
      },
      "original": {
        "owner": "googleapis",
        "repo": "python-genai",
        "type": "github"
      }
    },
    "helix-db-src": {
      "flake": false,
      "locked": {
        "lastModified": 1760344888,
        "narHash": "sha256-aKM4n9e2L4YNU9ivr+2na/Uh+WThoALmETrL1L5dSfc=",
        "owner": "HelixDB",
        "repo": "helix-db",
        "rev": "1a2c03069d87abea99b80c1cbbdbf10bf047ebce",
        "type": "github"
      },
      "original": {
        "owner": "HelixDB",
        "repo": "helix-db",
        "type": "github"
      }
    },
    "helix-py-src": {
      "flake": false,
      "locked": {
        "lastModified": 1758912430,
        "narHash": "sha256-8AHsYop6P++dGpHbEzE3EeJ6+pU7+c7aPcM8EYyoRFs=",
        "owner": "HelixDB",
        "repo": "helix-py",
        "rev": "977f350be24425626454e5d5dbb98259769e3ad7",
        "type": "github"
      },
      "original": {
        "owner": "HelixDB",
        "repo": "helix-py",
        "type": "github"
      }
    },
    "home-manager": {
      "inputs": {
        "nixpkgs": [
          "nixpkgs"
        ]
      },
      "locked": {
        "lastModified": 1762367206,
        "narHash": "sha256-c/164YOPkV09BH8KIUdvVvJs3VF2LNIbE2piKGgXPxk=",
        "owner": "nix-community",
        "repo": "home-manager",
        "rev": "af119feb17cb242398e0fb97f92b867d25882522",
        "type": "github"
      },
      "original": {
        "owner": "nix-community",
        "repo": "home-manager",
        "type": "github"
      }
    },
    "nixpkgs": {
      "locked": {
        "lastModified": 1762111121,
        "narHash": "sha256-4vhDuZ7OZaZmKKrnDpxLZZpGIJvAeMtK6FKLJYUtAdw=",
        "owner": "NixOS",
        "repo": "nixpkgs",
        "rev": "b3d51a0365f6695e7dd5cdf3e180604530ed33b4",
        "type": "github"
      },
      "original": {
        "owner": "NixOS",
        "ref": "nixos-unstable",
        "repo": "nixpkgs",
        "type": "github"
      }
    },
    "root": {
      "inputs": {
        "flake-utils": "flake-utils",
        "google-genai-src": "google-genai-src",
        "helix-db-src": "helix-db-src",
        "helix-py-src": "helix-py-src",
        "home-manager": "home-manager",
        "nixpkgs": "nixpkgs",
        "rust-overlay": "rust-overlay"
      }
    },
    "rust-overlay": {
      "inputs": {
        "nixpkgs": [
          "nixpkgs"
        ]
      },
      "locked": {
        "lastModified": 1762310305,
        "narHash": "sha256-EW7xlGJnCW3mKujn/F8me52NXB4nBtabArsRNwehtHM=",
        "owner": "oxalica",
        "repo": "rust-overlay",
        "rev": "4e8e5dfb8e649d3e05d9a173ce9a9cb0498e89c2",
        "type": "github"
      },
      "original": {
        "owner": "oxalica",
        "repo": "rust-overlay",
        "type": "github"
      }
    },
    "systems": {
      "locked": {
        "lastModified": 1681028828,
        "narHash": "sha256-Vy1rq5AaRuLzOxct8nz4T6wlgyUR7zLU309k9mBC768=",
        "owner": "nix-systems",
        "repo": "default",
        "rev": "da67096a3b9bf56a91d16901293e51ba5b49a27e",
        "type": "github"
      },
      "original": {
        "owner": "nix-systems",
        "repo": "default",
        "type": "github"
      }
    }
  },
  "root": "root",
  "version": 7
}
